
Microsoft Visual Studio Solution File, Format Version 12.00
# Visual Studio Version 16
VisualStudioVersion = 16.0.29424.173
MinimumVisualStudioVersion = 10.0.40219.1
Project("{FAE04EC0-301F-11D3-BF4B-00C04F79EFBC}") = "Blacksmith.Extensions.Enumerables", "Blacksmith.Extensions.Enumerables\Blacksmith.Extensions.Enumerables.csproj", "{1C3638B3-CEEA-42CC-97AD-8555B1E0B29F}"
EndProject
Project("{FAE04EC0-301F-11D3-BF4B-00C04F79EFBC}") = "Blacksmith.Extensions.Enumerables.Tests", "Blacksmith.Extensions.Enumerables.Tests\Blacksmith.Extensions.Enumerables.Tests.csproj", "{A0F80709-9A5F-4B44-8671-44AE25F1CC10}"
EndProject
Global
	GlobalSection(SolutionConfigurationPlatforms) = preSolution
		Debug|Any CPU = Debug|Any CPU
		Release|Any CPU = Release|Any CPU
	EndGlobalSection
	GlobalSection(ProjectConfigurationPlatforms) = postSolution
		{1C3638B3-CEEA-42CC-97AD-8555B1E0B29F}.Debug|Any CPU.ActiveCfg = Debug|Any CPU
		{1C3638B3-CEEA-42CC-97AD-8555B1E0B29F}.Debug|Any CPU.Build.0 = Debug|Any CPU
		{1C3638B3-CEEA-42CC-97AD-8555B1E0B29F}.Release|Any CPU.ActiveCfg = Release|Any CPU
		{1C3638B3-CEEA-42CC-97AD-8555B1E0B29F}.Release|Any CPU.Build.0 = Release|Any CPU
		{A0F80709-9A5F-4B44-8671-44AE25F1CC10}.Debug|Any CPU.ActiveCfg = Debug|Any CPU
		{A0F80709-9A5F-4B44-8671-44AE25F1CC10}.Debug|Any CPU.Build.0 = Debug|Any CPU
		{A0F80709-9A5F-4B44-8671-44AE25F1CC10}.Release|Any CPU.ActiveCfg = Release|Any CPU
		{A0F80709-9A5F-4B44-8671-44AE25F1CC10}.Release|Any CPU.Build.0 = Release|Any CPU
	EndGlobalSection
	GlobalSection(SolutionProperties) = preSolution
		HideSolutionNode = FALSE
	EndGlobalSection
	GlobalSection(ExtensibilityGlobals) = postSolution
		SolutionGuid = {8B2FFA59-E5D4-4E0B-8E50-D5446D74FF2B}
	EndGlobalSection
EndGlobal
